
Microsoft Visual Studio Solution File, Format Version 12.00
Project("{FAE04EC0-301F-11D3-BF4B-00C04F79EFBC}") = "Two Number Sum", "Two Number Sum\Two Number Sum.csproj", "{DC850FF6-A3AF-4E50-8D55-F4FF7D5054A1}"
EndProject
Project("{FAE04EC0-301F-11D3-BF4B-00C04F79EFBC}") = "Validate Subsequence", "Validate Subsequence\Validate Subsequence.csproj", "{2D2FECEC-1C59-4931-A6AB-9E5E4D4CAE0F}"
EndProject
Project("{FAE04EC0-301F-11D3-BF4B-00C04F79EFBC}") = "Sorted Square Array", "Sorted Square Array\Sorted Square Array.csproj", "{D5184A48-C45B-44C6-840E-4A9576748C83}"
EndProject
Project("{FAE04EC0-301F-11D3-BF4B-00C04F79EFBC}") = "TournamentWinner", "TournamentWinner\TournamentWinner.csproj", "{10D1C115-7890-46C0-B89D-07A4937719E8}"
EndProject
Project("{FAE04EC0-301F-11D3-BF4B-00C04F79EFBC}") = "Non-Constructible Change", "Non-Constructible Change\Non-Constructible Change.csproj", "{E0AD20AB-F7A3-430F-B88B-11BF18E83040}"
EndProject
Project("{FAE04EC0-301F-11D3-BF4B-00C04F79EFBC}") = "Three Number Sum", "Three Number Sum\Three Number Sum.csproj", "{9FED6E32-F411-41AD-B828-1F48FEB4A703}"
EndProject
Project("{FAE04EC0-301F-11D3-BF4B-00C04F79EFBC}") = "Smallest Difference", "Smallest Difference\Smallest Difference.csproj", "{27CC3322-89F7-4462-AA78-68A3BDDA50D4}"
EndProject
Project("{FAE04EC0-301F-11D3-BF4B-00C04F79EFBC}") = "Move Element To End", "Move Element To End\Move Element To End.csproj", "{30D898EF-F980-4FF7-BF32-3E4EAE58468A}"
EndProject
Project("{FAE04EC0-301F-11D3-BF4B-00C04F79EFBC}") = "Spiral Traverse", "Spiral Traverse\Spiral Traverse.csproj", "{8DE3548C-B9EE-4B9C-8F69-6BA4F649E015}"
EndProject
Project("{FAE04EC0-301F-11D3-BF4B-00C04F79EFBC}") = "Monotonic Array", "Monotonic Array\Monotonic Array.csproj", "{760CFF4E-3D1C-48CF-810B-BDEA64226378}"
EndProject
Global
	GlobalSection(SolutionConfigurationPlatforms) = preSolution
		Debug|Any CPU = Debug|Any CPU
		Release|Any CPU = Release|Any CPU
	EndGlobalSection
	GlobalSection(ProjectConfigurationPlatforms) = postSolution
		{DC850FF6-A3AF-4E50-8D55-F4FF7D5054A1}.Debug|Any CPU.ActiveCfg = Debug|Any CPU
		{DC850FF6-A3AF-4E50-8D55-F4FF7D5054A1}.Debug|Any CPU.Build.0 = Debug|Any CPU
		{DC850FF6-A3AF-4E50-8D55-F4FF7D5054A1}.Release|Any CPU.ActiveCfg = Release|Any CPU
		{DC850FF6-A3AF-4E50-8D55-F4FF7D5054A1}.Release|Any CPU.Build.0 = Release|Any CPU
		{2D2FECEC-1C59-4931-A6AB-9E5E4D4CAE0F}.Debug|Any CPU.ActiveCfg = Debug|Any CPU
		{2D2FECEC-1C59-4931-A6AB-9E5E4D4CAE0F}.Debug|Any CPU.Build.0 = Debug|Any CPU
		{2D2FECEC-1C59-4931-A6AB-9E5E4D4CAE0F}.Release|Any CPU.ActiveCfg = Release|Any CPU
		{2D2FECEC-1C59-4931-A6AB-9E5E4D4CAE0F}.Release|Any CPU.Build.0 = Release|Any CPU
		{D5184A48-C45B-44C6-840E-4A9576748C83}.Debug|Any CPU.ActiveCfg = Debug|Any CPU
		{D5184A48-C45B-44C6-840E-4A9576748C83}.Debug|Any CPU.Build.0 = Debug|Any CPU
		{D5184A48-C45B-44C6-840E-4A9576748C83}.Release|Any CPU.ActiveCfg = Release|Any CPU
		{D5184A48-C45B-44C6-840E-4A9576748C83}.Release|Any CPU.Build.0 = Release|Any CPU
		{10D1C115-7890-46C0-B89D-07A4937719E8}.Debug|Any CPU.ActiveCfg = Debug|Any CPU
		{10D1C115-7890-46C0-B89D-07A4937719E8}.Debug|Any CPU.Build.0 = Debug|Any CPU
		{10D1C115-7890-46C0-B89D-07A4937719E8}.Release|Any CPU.ActiveCfg = Release|Any CPU
		{10D1C115-7890-46C0-B89D-07A4937719E8}.Release|Any CPU.Build.0 = Release|Any CPU
		{E0AD20AB-F7A3-430F-B88B-11BF18E83040}.Debug|Any CPU.ActiveCfg = Debug|Any CPU
		{E0AD20AB-F7A3-430F-B88B-11BF18E83040}.Debug|Any CPU.Build.0 = Debug|Any CPU
		{E0AD20AB-F7A3-430F-B88B-11BF18E83040}.Release|Any CPU.ActiveCfg = Release|Any CPU
		{E0AD20AB-F7A3-430F-B88B-11BF18E83040}.Release|Any CPU.Build.0 = Release|Any CPU
		{9FED6E32-F411-41AD-B828-1F48FEB4A703}.Debug|Any CPU.ActiveCfg = Debug|Any CPU
		{9FED6E32-F411-41AD-B828-1F48FEB4A703}.Debug|Any CPU.Build.0 = Debug|Any CPU
		{9FED6E32-F411-41AD-B828-1F48FEB4A703}.Release|Any CPU.ActiveCfg = Release|Any CPU
		{9FED6E32-F411-41AD-B828-1F48FEB4A703}.Release|Any CPU.Build.0 = Release|Any CPU
		{27CC3322-89F7-4462-AA78-68A3BDDA50D4}.Debug|Any CPU.ActiveCfg = Debug|Any CPU
		{27CC3322-89F7-4462-AA78-68A3BDDA50D4}.Debug|Any CPU.Build.0 = Debug|Any CPU
		{27CC3322-89F7-4462-AA78-68A3BDDA50D4}.Release|Any CPU.ActiveCfg = Release|Any CPU
		{27CC3322-89F7-4462-AA78-68A3BDDA50D4}.Release|Any CPU.Build.0 = Release|Any CPU
		{30D898EF-F980-4FF7-BF32-3E4EAE58468A}.Debug|Any CPU.ActiveCfg = Debug|Any CPU
		{30D898EF-F980-4FF7-BF32-3E4EAE58468A}.Debug|Any CPU.Build.0 = Debug|Any CPU
		{30D898EF-F980-4FF7-BF32-3E4EAE58468A}.Release|Any CPU.ActiveCfg = Release|Any CPU
		{30D898EF-F980-4FF7-BF32-3E4EAE58468A}.Release|Any CPU.Build.0 = Release|Any CPU
		{8DE3548C-B9EE-4B9C-8F69-6BA4F649E015}.Debug|Any CPU.ActiveCfg = Debug|Any CPU
		{8DE3548C-B9EE-4B9C-8F69-6BA4F649E015}.Debug|Any CPU.Build.0 = Debug|Any CPU
		{8DE3548C-B9EE-4B9C-8F69-6BA4F649E015}.Release|Any CPU.ActiveCfg = Release|Any CPU
		{8DE3548C-B9EE-4B9C-8F69-6BA4F649E015}.Release|Any CPU.Build.0 = Release|Any CPU
		{760CFF4E-3D1C-48CF-810B-BDEA64226378}.Debug|Any CPU.ActiveCfg = Debug|Any CPU
		{760CFF4E-3D1C-48CF-810B-BDEA64226378}.Debug|Any CPU.Build.0 = Debug|Any CPU
		{760CFF4E-3D1C-48CF-810B-BDEA64226378}.Release|Any CPU.ActiveCfg = Release|Any CPU
		{760CFF4E-3D1C-48CF-810B-BDEA64226378}.Release|Any CPU.Build.0 = Release|Any CPU
	EndGlobalSection
EndGlobal
